// !$*UTF8*$!
{
	archiveVersion = 1;
	classes = {
	};
	objectVersion = 48;
	objects = {

/* Begin PBXBuildFile section */
		4E05B78CFC8A02941C33DBA8 /* libPods-YHExtension.a in Frameworks */ = {isa = PBXBuildFile; fileRef = 48DA1252994CB67FAF20A39C /* libPods-YHExtension.a */; };
		66861C771FAC755800E8D799 /* AppDelegate.m in Sources */ = {isa = PBXBuildFile; fileRef = 66861C761FAC755800E8D799 /* AppDelegate.m */; };
		66861C7A1FAC755800E8D799 /* ViewController.m in Sources */ = {isa = PBXBuildFile; fileRef = 66861C791FAC755800E8D799 /* ViewController.m */; };
		66861C7D1FAC755800E8D799 /* Main.storyboard in Resources */ = {isa = PBXBuildFile; fileRef = 66861C7B1FAC755800E8D799 /* Main.storyboard */; };
		66861C7F1FAC755800E8D799 /* Assets.xcassets in Resources */ = {isa = PBXBuildFile; fileRef = 66861C7E1FAC755800E8D799 /* Assets.xcassets */; };
		66861C821FAC755800E8D799 /* LaunchScreen.storyboard in Resources */ = {isa = PBXBuildFile; fileRef = 66861C801FAC755800E8D799 /* LaunchScreen.storyboard */; };
		66861C851FAC755800E8D799 /* main.m in Sources */ = {isa = PBXBuildFile; fileRef = 66861C841FAC755800E8D799 /* main.m */; };
/* End PBXBuildFile section */

/* Begin PBXFileReference section */
		48DA1252994CB67FAF20A39C /* libPods-YHExtension.a */ = {isa = PBXFileReference; explicitFileType = archive.ar; includeInIndex = 0; path = "libPods-YHExtension.a"; sourceTree = BUILT_PRODUCTS_DIR; };
		50EA9BDCBEACC5217141DE3B /* Pods-YHExtension.release.xcconfig */ = {isa = PBXFileReference; includeInIndex = 1; lastKnownFileType = text.xcconfig; name = "Pods-YHExtension.release.xcconfig"; path = "Pods/Target Support Files/Pods-YHExtension/Pods-YHExtension.release.xcconfig"; sourceTree = "<group>"; };
		66861C721FAC755800E8D799 /* YHExtension.app */ = {isa = PBXFileReference; explicitFileType = wrapper.application; includeInIndex = 0; path = YHExtension.app; sourceTree = BUILT_PRODUCTS_DIR; };
		66861C751FAC755800E8D799 /* AppDelegate.h */ = {isa = PBXFileReference; lastKnownFileType = sourcecode.c.h; path = AppDelegate.h; sourceTree = "<group>"; };
		66861C761FAC755800E8D799 /* AppDelegate.m */ = {isa = PBXFileReference; lastKnownFileType = sourcecode.c.objc; path = AppDelegate.m; sourceTree = "<group>"; };
		66861C781FAC755800E8D799 /* ViewController.h */ = {isa = PBXFileReference; lastKnownFileType = sourcecode.c.h; path = ViewController.h; sourceTree = "<group>"; };
		66861C791FAC755800E8D799 /* ViewController.m */ = {isa = PBXFileReference; lastKnownFileType = sourcecode.c.objc; path = ViewController.m; sourceTree = "<group>"; };
		66861C7C1FAC755800E8D799 /* Base */ = {isa = PBXFileReference; lastKnownFileType = file.storyboard; name = Base; path = Base.lproj/Main.storyboard; sourceTree = "<group>"; };
		66861C7E1FAC755800E8D799 /* Assets.xcassets */ = {isa = PBXFileReference; lastKnownFileType = folder.assetcatalog; path = Assets.xcassets; sourceTree = "<group>"; };
		66861C811FAC755800E8D799 /* Base */ = {isa = PBXFileReference; lastKnownFileType = file.storyboard; name = Base; path = Base.lproj/LaunchScreen.storyboard; sourceTree = "<group>"; };
		66861C831FAC755800E8D799 /* Info.plist */ = {isa = PBXFileReference; lastKnownFileType = text.plist.xml; path = Info.plist; sourceTree = "<group>"; };
		66861C841FAC755800E8D799 /* main.m */ = {isa = PBXFileReference; lastKnownFileType = sourcecode.c.objc; path = main.m; sourceTree = "<group>"; };
		FFAF03DA5E2631E54ABAE649 /* Pods-YHExtension.debug.xcconfig */ = {isa = PBXFileReference; includeInIndex = 1; lastKnownFileType = text.xcconfig; name = "Pods-YHExtension.debug.xcconfig"; path = "Pods/Target Support Files/Pods-YHExtension/Pods-YHExtension.debug.xcconfig"; sourceTree = "<group>"; };
/* End PBXFileReference section */

/* Begin PBXFrameworksBuildPhase section */
		66861C6F1FAC755800E8D799 /* Frameworks */ = {
			isa = PBXFrameworksBuildPhase;
			buildActionMask = 2147483647;
			files = (
				4E05B78CFC8A02941C33DBA8 /* libPods-YHExtension.a in Frameworks */,
			);
			runOnlyForDeploymentPostprocessing = 0;
		};
/* End PBXFrameworksBuildPhase section */

/* Begin PBXGroup section */
		26694AA7376AC422BEFC9EFF /* Pods */ = {
			isa = PBXGroup;
			children = (
				FFAF03DA5E2631E54ABAE649 /* Pods-YHExtension.debug.xcconfig */,
				50EA9BDCBEACC5217141DE3B /* Pods-YHExtension.release.xcconfig */,
			);
			name = Pods;
			sourceTree = "<group>";
		};
		66861C691FAC755800E8D799 = {
			isa = PBXGroup;
			children = (
				66861C741FAC755800E8D799 /* YHExtension */,
				66861C731FAC755800E8D799 /* Products */,
				26694AA7376AC422BEFC9EFF /* Pods */,
				917E7B869AD3404060F42993 /* Frameworks */,
			);
			sourceTree = "<group>";
		};
		66861C731FAC755800E8D799 /* Products */ = {
			isa = PBXGroup;
			children = (
				66861C721FAC755800E8D799 /* YHExtension.app */,
			);
			name = Products;
			sourceTree = "<group>";
		};
		66861C741FAC755800E8D799 /* YHExtension */ = {
			isa = PBXGroup;
			children = (
				66861C751FAC755800E8D799 /* AppDelegate.h */,
				66861C761FAC755800E8D799 /* AppDelegate.m */,
				66861C781FAC755800E8D799 /* ViewController.h */,
				66861C791FAC755800E8D799 /* ViewController.m */,
				66861C7B1FAC755800E8D799 /* Main.storyboard */,
				66861C7E1FAC755800E8D799 /* Assets.xcassets */,
				66861C801FAC755800E8D799 /* LaunchScreen.storyboard */,
				66861C831FAC755800E8D799 /* Info.plist */,
				66861C841FAC755800E8D799 /* main.m */,
			);
			path = YHExtension;
			sourceTree = "<group>";
		};
		917E7B869AD3404060F42993 /* Frameworks */ = {
			isa = PBXGroup;
			children = (
				48DA1252994CB67FAF20A39C /* libPods-YHExtension.a */,
			);
			name = Frameworks;
			sourceTree = "<group>";
		};
/* End PBXGroup section */

/* Begin PBXNativeTarget section */
		66861C711FAC755800E8D799 /* YHExtension */ = {
			isa = PBXNativeTarget;
			buildConfigurationList = 66861C881FAC755800E8D799 /* Build configuration list for PBXNativeTarget "YHExtension" */;
			buildPhases = (
				F99EF5DBB39E645325DFE31E /* [CP] Check Pods Manifest.lock */,
				66861C6E1FAC755800E8D799 /* Sources */,
				66861C6F1FAC755800E8D799 /* Frameworks */,
				66861C701FAC755800E8D799 /* Resources */,
				966A0183AB2B2DF873E87BB8 /* [CP] Embed Pods Frameworks */,
				04D82AF1403D003DB3BD6ECA /* [CP] Copy Pods Resources */,
			);
			buildRules = (
			);
			dependencies = (
			);
			name = YHExtension;
			productName = YHExtension;
			productReference = 66861C721FAC755800E8D799 /* YHExtension.app */;
			productType = "com.apple.product-type.application";
		};
/* End PBXNativeTarget section */

/* Begin PBXProject section */
		66861C6A1FAC755800E8D799 /* Project object */ = {
			isa = PBXProject;
			attributes = {
				LastUpgradeCheck = 0900;
				ORGANIZATIONNAME = "王英辉";
				TargetAttributes = {
					66861C711FAC755800E8D799 = {
						CreatedOnToolsVersion = 9.0;
						ProvisioningStyle = Automatic;
					};
				};
			};
			buildConfigurationList = 66861C6D1FAC755800E8D799 /* Build configuration list for PBXProject "YHExtension" */;
			compatibilityVersion = "Xcode 8.0";
			developmentRegion = en;
			hasScannedForEncodings = 0;
			knownRegions = (
				en,
				Base,
			);
			mainGroup = 66861C691FAC755800E8D799;
			productRefGroup = 66861C731FAC755800E8D799 /* Products */;
			projectDirPath = "";
			projectRoot = "";
			targets = (
				66861C711FAC755800E8D799 /* YHExtension */,
			);
		};
/* End PBXProject section */

/* Begin PBXResourcesBuildPhase section */
		66861C701FAC755800E8D799 /* Resources */ = {
			isa = PBXResourcesBuildPhase;
			buildActionMask = 2147483647;
			files = (
				66861C821FAC755800E8D799 /* LaunchScreen.storyboard in Resources */,
				66861C7F1FAC755800E8D799 /* Assets.xcassets in Resources */,
				66861C7D1FAC755800E8D799 /* Main.storyboard in Resources */,
			);
			runOnlyForDeploymentPostprocessing = 0;
		};
/* End PBXResourcesBuildPhase section */

/* Begin PBXShellScriptBuildPhase section */
		04D82AF1403D003DB3BD6ECA /* [CP] Copy Pods Resources */ = {
			isa = PBXShellScriptBuildPhase;
			buildActionMask = 2147483647;
			files = (
			);
			inputPaths = (
			);
			name = "[CP] Copy Pods Resources";
			outputPaths = (
			);
			runOnlyForDeploymentPostprocessing = 0;
			shellPath = /bin/sh;
			shellScript = "\"${SRCROOT}/Pods/Target Support Files/Pods-YHExtension/Pods-YHExtension-resources.sh\"\n";
			showEnvVarsInLog = 0;
		};
		966A0183AB2B2DF873E87BB8 /* [CP] Embed Pods Frameworks */ = {
			isa = PBXShellScriptBuildPhase;
			buildActionMask = 2147483647;
			files = (
			);
			inputPaths = (
			);
			name = "[CP] Embed Pods Frameworks";
			outputPaths = (
			);
			runOnlyForDeploymentPostprocessing = 0;
			shellPath = /bin/sh;
			shellScript = "\"${SRCROOT}/Pods/Target Support Files/Pods-YHExtension/Pods-YHExtension-frameworks.sh\"\n";
			showEnvVarsInLog = 0;
		};
		F99EF5DBB39E645325DFE31E /* [CP] Check Pods Manifest.lock */ = {
			isa = PBXShellScriptBuildPhase;
			buildActionMask = 2147483647;
			files = (
			);
			inputPaths = (
			);
			name = "[CP] Check Pods Manifest.lock";
			outputPaths = (
			);
			runOnlyForDeploymentPostprocessing = 0;
			shellPath = /bin/sh;
			shellScript = "diff \"${PODS_ROOT}/../Podfile.lock\" \"${PODS_ROOT}/Manifest.lock\" > /dev/null\nif [ $? != 0 ] ; then\n    # print error to STDERR\n    echo \"error: The sandbox is not in sync with the Podfile.lock. Run 'pod install' or update your CocoaPods installation.\" >&2\n    exit 1\nfi\n";
			showEnvVarsInLog = 0;
		};
/* End PBXShellScriptBuildPhase section */

/* Begin PBXSourcesBuildPhase section */
		66861C6E1FAC755800E8D799 /* Sources */ = {
			isa = PBXSourcesBuildPhase;
			buildActionMask = 2147483647;
			files = (
				66861C7A1FAC755800E8D799 /* ViewController.m in Sources */,
				66861C851FAC755800E8D799 /* main.m in Sources */,
				66861C771FAC755800E8D799 /* AppDelegate.m in Sources */,
			);
			runOnlyForDeploymentPostprocessing = 0;
		};
/* End PBXSourcesBuildPhase section */

/* Begin PBXVariantGroup section */
		66861C7B1FAC755800E8D799 /* Main.storyboard */ = {
			isa = PBXVariantGroup;
			children = (
				66861C7C1FAC755800E8D799 /* Base */,
			);
			name = Main.storyboard;
			sourceTree = "<group>";
		};
		66861C801FAC755800E8D799 /* LaunchScreen.storyboard */ = {
			isa = PBXVariantGroup;
			children = (
				66861C811FAC755800E8D799 /* Base */,
			);
			name = LaunchScreen.storyboard;
			sourceTree = "<group>";
		};
/* End PBXVariantGroup section */

/* Begin XCBuildConfiguration section */
		66861C861FAC755800E8D799 /* Debug */ = {
			isa = XCBuildConfiguration;
			buildSettings = {
				ALWAYS_SEARCH_USER_PATHS = NO;
				CLANG_ANALYZER_NONNULL = YES;
				CLANG_ANALYZER_NUMBER_OBJECT_CONVERSION = YES_AGGRESSIVE;
				CLANG_CXX_LANGUAGE_STANDARD = "gnu++14";
				CLANG_CXX_LIBRARY = "libc++";
				CLANG_ENABLE_MODULES = YES;
				CLANG_ENABLE_OBJC_ARC = YES;
				CLANG_WARN_BLOCK_CAPTURE_AUTORELEASING = YES;
				CLANG_WARN_BOOL_CONVERSION = YES;
				CLANG_WARN_COMMA = YES;
				CLANG_WARN_CONSTANT_CONVERSION = YES;
				CLANG_WARN_DIRECT_OBJC_ISA_USAGE = YES_ERROR;
				CLANG_WARN_DOCUMENTATION_COMMENTS = YES;
				CLANG_WARN_EMPTY_BODY = YES;
				CLANG_WARN_ENUM_CONVERSION = YES;
				CLANG_WARN_INFINITE_RECURSION = YES;
				CLANG_WARN_INT_CONVERSION = YES;
				CLANG_WARN_NON_LITERAL_NULL_CONVERSION = YES;
				CLANG_WARN_OBJC_LITERAL_CONVERSION = YES;
				CLANG_WARN_OBJC_ROOT_CLASS = YES_ERROR;
				CLANG_WARN_RANGE_LOOP_ANALYSIS = YES;
				CLANG_WARN_STRICT_PROTOTYPES = YES;
				CLANG_WARN_SUSPICIOUS_MOVE = YES;
				CLANG_WARN_UNGUARDED_AVAILABILITY = YES_AGGRESSIVE;
				CLANG_WARN_UNREACHABLE_CODE = YES;
				CLANG_WARN__DUPLICATE_METHOD_MATCH = YES;
				CODE_SIGN_IDENTITY = "iPhone Developer";
				COPY_PHASE_STRIP = NO;
				DEBUG_INFORMATION_FORMAT = dwarf;
				ENABLE_STRICT_OBJC_MSGSEND = YES;
				ENABLE_TESTABILITY = YES;
				GCC_C_LANGUAGE_STANDARD = gnu11;
				GCC_DYNAMIC_NO_PIC = NO;
				GCC_NO_COMMON_BLOCKS = YES;
				GCC_OPTIMIZATION_LEVEL = 0;
				GCC_PREPROCESSOR_DEFINITIONS = (
					"DEBUG=1",
					"$(inherited)",
				);
				GCC_WARN_64_TO_32_BIT_CONVERSION = YES;
				GCC_WARN_ABOUT_RETURN_TYPE = YES_ERROR;
				GCC_WARN_UNDECLARED_SELECTOR = YES;
				GCC_WARN_UNINITIALIZED_AUTOS = YES_AGGRESSIVE;
				GCC_WARN_UNUSED_FUNCTION = YES;
				GCC_WARN_UNUSED_VARIABLE = YES;
				IPHONEOS_DEPLOYMENT_TARGET = 11.0;
				MTL_ENABLE_DEBUG_INFO = YES;
				ONLY_ACTIVE_ARCH = YES;
				SDKROOT = iphoneos;
			};
			name = Debug;
		};
		66861C871FAC755800E8D799 /* Release */ = {
			isa = XCBuildConfiguration;
			buildSettings = {
				ALWAYS_SEARCH_USER_PATHS = NO;
				CLANG_ANALYZER_NONNULL = YES;
				CLANG_ANALYZER_NUMBER_OBJECT_CONVERSION = YES_AGGRESSIVE;
				CLANG_CXX_LANGUAGE_STANDARD = "gnu++14";
				CLANG_CXX_LIBRARY = "libc++";
				CLANG_ENABLE_MODULES = YES;
				CLANG_ENABLE_OBJC_ARC = YES;
				CLANG_WARN_BLOCK_CAPTURE_AUTORELEASING = YES;
				CLANG_WARN_BOOL_CONVERSION = YES;
				CLANG_WARN_COMMA = YES;
				CLANG_WARN_CONSTANT_CONVERSION = YES;
				CLANG_WARN_DIRECT_OBJC_ISA_USAGE = YES_ERROR;
				CLANG_WARN_DOCUMENTATION_COMMENTS = YES;
				CLANG_WARN_EMPTY_BODY = YES;
				CLANG_WARN_ENUM_CONVERSION = YES;
				CLANG_WARN_INFINITE_RECURSION = YES;
				CLANG_WARN_INT_CONVERSION = YES;
				CLANG_WARN_NON_LITERAL_NULL_CONVERSION = YES;
				CLANG_WARN_OBJC_LITERAL_CONVERSION = YES;
				CLANG_WARN_OBJC_ROOT_CLASS = YES_ERROR;
				CLANG_WARN_RANGE_LOOP_ANALYSIS = YES;
				CLANG_WARN_STRICT_PROTOTYPES = YES;
				CLANG_WARN_SUSPICIOUS_MOVE = YES;
				CLANG_WARN_UNGUARDED_AVAILABILITY = YES_AGGRESSIVE;
				CLANG_WARN_UNREACHABLE_CODE = YES;
				CLANG_WARN__DUPLICATE_METHOD_MATCH = YES;
				CODE_SIGN_IDENTITY = "iPhone Developer";
				COPY_PHASE_STRIP = NO;
				DEBUG_INFORMATION_FORMAT = "dwarf-with-dsym";
				ENABLE_NS_ASSERTIONS = NO;
				ENABLE_STRICT_OBJC_MSGSEND = YES;
				GCC_C_LANGUAGE_STANDARD = gnu11;
				GCC_NO_COMMON_BLOCKS = YES;
				GCC_WARN_64_TO_32_BIT_CONVERSION = YES;
				GCC_WARN_ABOUT_RETURN_TYPE = YES_ERROR;
				GCC_WARN_UNDECLARED_SELECTOR = YES;
				GCC_WARN_UNINITIALIZED_AUTOS = YES_AGGRESSIVE;
				GCC_WARN_UNUSED_FUNCTION = YES;
				GCC_WARN_UNUSED_VARIABLE = YES;
				IPHONEOS_DEPLOYMENT_TARGET = 11.0;
				MTL_ENABLE_DEBUG_INFO = NO;
				SDKROOT = iphoneos;
				VALIDATE_PRODUCT = YES;
			};
			name = Release;
		};
		66861C891FAC755800E8D799 /* Debug */ = {
			isa = XCBuildConfiguration;
			baseConfigurationReference = FFAF03DA5E2631E54ABAE649 /* Pods-YHExtension.debug.xcconfig */;
			buildSettings = {
				ASSETCATALOG_COMPILER_APPICON_NAME = AppIcon;
				"CODE_SIGN_IDENTITY[sdk=iphoneos*]" = "iPhone Developer";
				CODE_SIGN_STYLE = Automatic;
				DEVELOPMENT_TEAM = EX92ZWBZUA;
				INFOPLIST_FILE = YHExtension/Info.plist;
				IPHONEOS_DEPLOYMENT_TARGET = 9.0;
				LD_RUNPATH_SEARCH_PATHS = "$(inherited) @executable_path/Frameworks";
				PRODUCT_BUNDLE_IDENTIFIER = com.doufushop.YHExtension;
				PRODUCT_NAME = "$(TARGET_NAME)";
				PROVISIONING_PROFILE = "";
				PROVISIONING_PROFILE_SPECIFIER = "";
				TARGETED_DEVICE_FAMILY = "1,2";
			};
			name = Debug;
		};
		66861C8A1FAC755800E8D799 /* Release */ = {
			isa = XCBuildConfiguration;
			baseConfigurationReference = 50EA9BDCBEACC5217141DE3B /* Pods-YHExtension.release.xcconfig */;
			buildSettings = {
				ASSETCATALOG_COMPILER_APPICON_NAME = AppIcon;
				"CODE_SIGN_IDENTITY[sdk=iphoneos*]" = "iPhone Developer";
				CODE_SIGN_STYLE = Automatic;
				DEVELOPMENT_TEAM = EX92ZWBZUA;
				INFOPLIST_FILE = YHExtension/Info.plist;
				IPHONEOS_DEPLOYMENT_TARGET = 9.0;
				LD_RUNPATH_SEARCH_PATHS = "$(inherited) @executable_path/Frameworks";
				PRODUCT_BUNDLE_IDENTIFIER = com.doufushop.YHExtension;
				PRODUCT_NAME = "$(TARGET_NAME)";
				PROVISIONING_PROFILE_SPECIFIER = "";
				TARGETED_DEVICE_FAMILY = "1,2";
			};
			name = Release;
		};
/* End XCBuildConfiguration section */

/* Begin XCConfigurationList section */
		66861C6D1FAC755800E8D799 /* Build configuration list for PBXProject "YHExtension" */ = {
			isa = XCConfigurationList;
			buildConfigurations = (
				66861C861FAC755800E8D799 /* Debug */,
				66861C871FAC755800E8D799 /* Release */,
			);
			defaultConfigurationIsVisible = 0;
			defaultConfigurationName = Release;
		};
		66861C881FAC755800E8D799 /* Build configuration list for PBXNativeTarget "YHExtension" */ = {
			isa = XCConfigurationList;
			buildConfigurations = (
				66861C891FAC755800E8D799 /* Debug */,
				66861C8A1FAC755800E8D799 /* Release */,
			);
			defaultConfigurationIsVisible = 0;
			defaultConfigurationName = Release;
		};
/* End XCConfigurationList section */
	};
	rootObject = 66861C6A1FAC755800E8D799 /* Project object */;
}
